
Microsoft Visual Studio Solution File, Format Version 12.00
Project("{FAE04EC0-301F-11D3-BF4B-00C04F79EFBC}") = "BUMA-Revamped", "BUMA-Revamped.csproj", "{86074689-C53B-4072-85BB-64352FBC2CED}"
EndProject
Global
	GlobalSection(SolutionConfigurationPlatforms) = preSolution
		Debug|Any CPU = Debug|Any CPU
		Release|Any CPU = Release|Any CPU
	EndGlobalSection
	GlobalSection(ProjectConfigurationPlatforms) = postSolution
		{86074689-C53B-4072-85BB-64352FBC2CED}.Debug|Any CPU.ActiveCfg = Debug|Any CPU
		{86074689-C53B-4072-85BB-64352FBC2CED}.Debug|Any CPU.Build.0 = Debug|Any CPU
		{86074689-C53B-4072-85BB-64352FBC2CED}.Release|Any CPU.ActiveCfg = Release|Any CPU
		{86074689-C53B-4072-85BB-64352FBC2CED}.Release|Any CPU.Build.0 = Release|Any CPU
	EndGlobalSection
EndGlobal
